
Microsoft Visual Studio Solution File, Format Version 12.00
# Visual Studio Version 16
VisualStudioVersion = 16.0.29519.87
MinimumVisualStudioVersion = 10.0.40219.1
Project("{FAE04EC0-301F-11D3-BF4B-00C04F79EFBC}") = "CommerceApp.Android", "CommerceApp.Android\CommerceApp.Android.csproj", "{7F1810C2-986C-4A37-9FD3-42264A6F36BF}"
EndProject
Project("{FAE04EC0-301F-11D3-BF4B-00C04F79EFBC}") = "CommerceApp.iOS", "CommerceApp.iOS\CommerceApp.iOS.csproj", "{4D6B8D86-7344-4406-B312-134E8F476BBB}"
EndProject
Project("{9A19103F-16F7-4668-BE54-9A1E7A4F7556}") = "CommerceApp", "CommerceApp\CommerceApp.csproj", "{9B5E1780-A082-412F-964E-1FE4FFE97BD4}"
EndProject
Global
	GlobalSection(SolutionConfigurationPlatforms) = preSolution
		Debug|Any CPU = Debug|Any CPU
		Debug|iPhone = Debug|iPhone
		Debug|iPhoneSimulator = Debug|iPhoneSimulator
		Release|Any CPU = Release|Any CPU
		Release|iPhone = Release|iPhone
		Release|iPhoneSimulator = Release|iPhoneSimulator
	EndGlobalSection
	GlobalSection(ProjectConfigurationPlatforms) = postSolution
		{7F1810C2-986C-4A37-9FD3-42264A6F36BF}.Debug|Any CPU.ActiveCfg = Release|Any CPU
		{7F1810C2-986C-4A37-9FD3-42264A6F36BF}.Debug|Any CPU.Build.0 = Release|Any CPU
		{7F1810C2-986C-4A37-9FD3-42264A6F36BF}.Debug|Any CPU.Deploy.0 = Release|Any CPU
		{7F1810C2-986C-4A37-9FD3-42264A6F36BF}.Debug|iPhone.ActiveCfg = Debug|Any CPU
		{7F1810C2-986C-4A37-9FD3-42264A6F36BF}.Debug|iPhone.Build.0 = Debug|Any CPU
		{7F1810C2-986C-4A37-9FD3-42264A6F36BF}.Debug|iPhone.Deploy.0 = Debug|Any CPU
		{7F1810C2-986C-4A37-9FD3-42264A6F36BF}.Debug|iPhoneSimulator.ActiveCfg = Debug|Any CPU
		{7F1810C2-986C-4A37-9FD3-42264A6F36BF}.Debug|iPhoneSimulator.Build.0 = Debug|Any CPU
		{7F1810C2-986C-4A37-9FD3-42264A6F36BF}.Debug|iPhoneSimulator.Deploy.0 = Debug|Any CPU
		{7F1810C2-986C-4A37-9FD3-42264A6F36BF}.Release|Any CPU.ActiveCfg = Release|Any CPU
		{7F1810C2-986C-4A37-9FD3-42264A6F36BF}.Release|Any CPU.Build.0 = Release|Any CPU
		{7F1810C2-986C-4A37-9FD3-42264A6F36BF}.Release|Any CPU.Deploy.0 = Release|Any CPU
		{7F1810C2-986C-4A37-9FD3-42264A6F36BF}.Release|iPhone.ActiveCfg = Release|Any CPU
		{7F1810C2-986C-4A37-9FD3-42264A6F36BF}.Release|iPhone.Build.0 = Release|Any CPU
		{7F1810C2-986C-4A37-9FD3-42264A6F36BF}.Release|iPhone.Deploy.0 = Release|Any CPU
		{7F1810C2-986C-4A37-9FD3-42264A6F36BF}.Release|iPhoneSimulator.ActiveCfg = Release|Any CPU
		{7F1810C2-986C-4A37-9FD3-42264A6F36BF}.Release|iPhoneSimulator.Build.0 = Release|Any CPU
		{7F1810C2-986C-4A37-9FD3-42264A6F36BF}.Release|iPhoneSimulator.Deploy.0 = Release|Any CPU
		{4D6B8D86-7344-4406-B312-134E8F476BBB}.Debug|Any CPU.ActiveCfg = Release|iPhoneSimulator
		{4D6B8D86-7344-4406-B312-134E8F476BBB}.Debug|Any CPU.Build.0 = Release|iPhoneSimulator
		{4D6B8D86-7344-4406-B312-134E8F476BBB}.Debug|Any CPU.Deploy.0 = Release|iPhoneSimulator
		{4D6B8D86-7344-4406-B312-134E8F476BBB}.Debug|iPhone.ActiveCfg = Debug|iPhone
		{4D6B8D86-7344-4406-B312-134E8F476BBB}.Debug|iPhone.Build.0 = Debug|iPhone
		{4D6B8D86-7344-4406-B312-134E8F476BBB}.Debug|iPhone.Deploy.0 = Debug|iPhone
		{4D6B8D86-7344-4406-B312-134E8F476BBB}.Debug|iPhoneSimulator.ActiveCfg = Debug|iPhoneSimulator
		{4D6B8D86-7344-4406-B312-134E8F476BBB}.Debug|iPhoneSimulator.Build.0 = Debug|iPhoneSimulator
		{4D6B8D86-7344-4406-B312-134E8F476BBB}.Debug|iPhoneSimulator.Deploy.0 = Debug|iPhoneSimulator
		{4D6B8D86-7344-4406-B312-134E8F476BBB}.Release|Any CPU.ActiveCfg = Release|iPhone
		{4D6B8D86-7344-4406-B312-134E8F476BBB}.Release|Any CPU.Build.0 = Release|iPhone
		{4D6B8D86-7344-4406-B312-134E8F476BBB}.Release|Any CPU.Deploy.0 = Release|iPhone
		{4D6B8D86-7344-4406-B312-134E8F476BBB}.Release|iPhone.ActiveCfg = Release|iPhone
		{4D6B8D86-7344-4406-B312-134E8F476BBB}.Release|iPhone.Build.0 = Release|iPhone
		{4D6B8D86-7344-4406-B312-134E8F476BBB}.Release|iPhone.Deploy.0 = Release|iPhone
		{4D6B8D86-7344-4406-B312-134E8F476BBB}.Release|iPhoneSimulator.ActiveCfg = Release|iPhoneSimulator
		{4D6B8D86-7344-4406-B312-134E8F476BBB}.Release|iPhoneSimulator.Build.0 = Release|iPhoneSimulator
		{4D6B8D86-7344-4406-B312-134E8F476BBB}.Release|iPhoneSimulator.Deploy.0 = Release|iPhoneSimulator
		{9B5E1780-A082-412F-964E-1FE4FFE97BD4}.Debug|Any CPU.ActiveCfg = Release|Any CPU
		{9B5E1780-A082-412F-964E-1FE4FFE97BD4}.Debug|Any CPU.Build.0 = Release|Any CPU
		{9B5E1780-A082-412F-964E-1FE4FFE97BD4}.Debug|Any CPU.Deploy.0 = Release|Any CPU
		{9B5E1780-A082-412F-964E-1FE4FFE97BD4}.Debug|iPhone.ActiveCfg = Debug|Any CPU
		{9B5E1780-A082-412F-964E-1FE4FFE97BD4}.Debug|iPhone.Build.0 = Debug|Any CPU
		{9B5E1780-A082-412F-964E-1FE4FFE97BD4}.Debug|iPhone.Deploy.0 = Debug|Any CPU
		{9B5E1780-A082-412F-964E-1FE4FFE97BD4}.Debug|iPhoneSimulator.ActiveCfg = Debug|Any CPU
		{9B5E1780-A082-412F-964E-1FE4FFE97BD4}.Debug|iPhoneSimulator.Build.0 = Debug|Any CPU
		{9B5E1780-A082-412F-964E-1FE4FFE97BD4}.Debug|iPhoneSimulator.Deploy.0 = Debug|Any CPU
		{9B5E1780-A082-412F-964E-1FE4FFE97BD4}.Release|Any CPU.ActiveCfg = Release|Any CPU
		{9B5E1780-A082-412F-964E-1FE4FFE97BD4}.Release|Any CPU.Build.0 = Release|Any CPU
		{9B5E1780-A082-412F-964E-1FE4FFE97BD4}.Release|Any CPU.Deploy.0 = Release|Any CPU
		{9B5E1780-A082-412F-964E-1FE4FFE97BD4}.Release|iPhone.ActiveCfg = Release|Any CPU
		{9B5E1780-A082-412F-964E-1FE4FFE97BD4}.Release|iPhone.Build.0 = Release|Any CPU
		{9B5E1780-A082-412F-964E-1FE4FFE97BD4}.Release|iPhone.Deploy.0 = Release|Any CPU
		{9B5E1780-A082-412F-964E-1FE4FFE97BD4}.Release|iPhoneSimulator.ActiveCfg = Release|Any CPU
		{9B5E1780-A082-412F-964E-1FE4FFE97BD4}.Release|iPhoneSimulator.Build.0 = Release|Any CPU
		{9B5E1780-A082-412F-964E-1FE4FFE97BD4}.Release|iPhoneSimulator.Deploy.0 = Release|Any CPU
	EndGlobalSection
	GlobalSection(SolutionProperties) = preSolution
		HideSolutionNode = FALSE
	EndGlobalSection
	GlobalSection(ExtensibilityGlobals) = postSolution
		SolutionGuid = {13AA8F31-32A6-4581-9007-403523FD80D1}
	EndGlobalSection
EndGlobal
